
Microsoft Visual Studio Solution File, Format Version 12.00
# Visual Studio 15
VisualStudioVersion = 15.0.26730.16
MinimumVisualStudioVersion = 10.0.40219.1
Project("{FAE04EC0-301F-11D3-BF4B-00C04F79EFBC}") = "ReversiDebugUI", "ReversiDebugUI\ReversiDebugUI.csproj", "{E410607E-3014-4595-9C3F-48CE7CB20CDF}"
EndProject
Project("{FAE04EC0-301F-11D3-BF4B-00C04F79EFBC}") = "Reversi", "Reversi\Reversi.csproj", "{737597FA-D0AA-4C38-A7F4-4CE31C15C7D7}"
EndProject
Project("{FAE04EC0-301F-11D3-BF4B-00C04F79EFBC}") = "ReversiAI", "ReversiAI\ReversiAI.csproj", "{95BDC202-134E-4703-9CBE-A2B4A9687A93}"
EndProject
Project("{FAE04EC0-301F-11D3-BF4B-00C04F79EFBC}") = "ReversiGame", "ReversiGame\ReversiGame\ReversiGame.csproj", "{7EF7AD81-8CB5-43FA-A0C9-4125E82CB4C8}"
EndProject
Project("{D954291E-2A0B-460D-934E-DC6B0785DB48}") = "ReversiGameContent", "ReversiGame\ReversiGameContent\ReversiGameContent.shproj", "{7897DB4C-87C6-44F3-80C7-3BF8D961F49B}"
EndProject
Global
	GlobalSection(SharedMSBuildProjectFiles) = preSolution
		ReversiGame\ReversiGameContent\ReversiGameContent.projitems*{7897db4c-87c6-44f3-80c7-3bf8d961f49b}*SharedItemsImports = 13
	EndGlobalSection
	GlobalSection(SolutionConfigurationPlatforms) = preSolution
		Debug|Any CPU = Debug|Any CPU
		Debug|ARM = Debug|ARM
		Debug|Mixed Platforms = Debug|Mixed Platforms
		Debug|x64 = Debug|x64
		Debug|x86 = Debug|x86
		Release|Any CPU = Release|Any CPU
		Release|ARM = Release|ARM
		Release|Mixed Platforms = Release|Mixed Platforms
		Release|x64 = Release|x64
		Release|x86 = Release|x86
	EndGlobalSection
	GlobalSection(ProjectConfigurationPlatforms) = postSolution
		{E410607E-3014-4595-9C3F-48CE7CB20CDF}.Debug|Any CPU.ActiveCfg = Debug|x86
		{E410607E-3014-4595-9C3F-48CE7CB20CDF}.Debug|ARM.ActiveCfg = Debug|x86
		{E410607E-3014-4595-9C3F-48CE7CB20CDF}.Debug|Mixed Platforms.ActiveCfg = Debug|x86
		{E410607E-3014-4595-9C3F-48CE7CB20CDF}.Debug|Mixed Platforms.Build.0 = Debug|x86
		{E410607E-3014-4595-9C3F-48CE7CB20CDF}.Debug|x64.ActiveCfg = Debug|x86
		{E410607E-3014-4595-9C3F-48CE7CB20CDF}.Debug|x86.ActiveCfg = Debug|x86
		{E410607E-3014-4595-9C3F-48CE7CB20CDF}.Debug|x86.Build.0 = Debug|x86
		{E410607E-3014-4595-9C3F-48CE7CB20CDF}.Release|Any CPU.ActiveCfg = Release|x86
		{E410607E-3014-4595-9C3F-48CE7CB20CDF}.Release|ARM.ActiveCfg = Release|x86
		{E410607E-3014-4595-9C3F-48CE7CB20CDF}.Release|Mixed Platforms.ActiveCfg = Release|x86
		{E410607E-3014-4595-9C3F-48CE7CB20CDF}.Release|Mixed Platforms.Build.0 = Release|x86
		{E410607E-3014-4595-9C3F-48CE7CB20CDF}.Release|x64.ActiveCfg = Release|x86
		{E410607E-3014-4595-9C3F-48CE7CB20CDF}.Release|x86.ActiveCfg = Release|x86
		{E410607E-3014-4595-9C3F-48CE7CB20CDF}.Release|x86.Build.0 = Release|x86
		{737597FA-D0AA-4C38-A7F4-4CE31C15C7D7}.Debug|Any CPU.ActiveCfg = Debug|Any CPU
		{737597FA-D0AA-4C38-A7F4-4CE31C15C7D7}.Debug|Any CPU.Build.0 = Debug|Any CPU
		{737597FA-D0AA-4C38-A7F4-4CE31C15C7D7}.Debug|ARM.ActiveCfg = Debug|Any CPU
		{737597FA-D0AA-4C38-A7F4-4CE31C15C7D7}.Debug|ARM.Build.0 = Debug|Any CPU
		{737597FA-D0AA-4C38-A7F4-4CE31C15C7D7}.Debug|Mixed Platforms.ActiveCfg = Debug|Any CPU
		{737597FA-D0AA-4C38-A7F4-4CE31C15C7D7}.Debug|Mixed Platforms.Build.0 = Debug|Any CPU
		{737597FA-D0AA-4C38-A7F4-4CE31C15C7D7}.Debug|x64.ActiveCfg = Debug|Any CPU
		{737597FA-D0AA-4C38-A7F4-4CE31C15C7D7}.Debug|x64.Build.0 = Debug|Any CPU
		{737597FA-D0AA-4C38-A7F4-4CE31C15C7D7}.Debug|x86.ActiveCfg = Debug|Any CPU
		{737597FA-D0AA-4C38-A7F4-4CE31C15C7D7}.Debug|x86.Build.0 = Debug|Any CPU
		{737597FA-D0AA-4C38-A7F4-4CE31C15C7D7}.Release|Any CPU.ActiveCfg = Release|Any CPU
		{737597FA-D0AA-4C38-A7F4-4CE31C15C7D7}.Release|Any CPU.Build.0 = Release|Any CPU
		{737597FA-D0AA-4C38-A7F4-4CE31C15C7D7}.Release|ARM.ActiveCfg = Release|Any CPU
		{737597FA-D0AA-4C38-A7F4-4CE31C15C7D7}.Release|ARM.Build.0 = Release|Any CPU
		{737597FA-D0AA-4C38-A7F4-4CE31C15C7D7}.Release|Mixed Platforms.ActiveCfg = Release|Any CPU
		{737597FA-D0AA-4C38-A7F4-4CE31C15C7D7}.Release|Mixed Platforms.Build.0 = Release|Any CPU
		{737597FA-D0AA-4C38-A7F4-4CE31C15C7D7}.Release|x64.ActiveCfg = Release|Any CPU
		{737597FA-D0AA-4C38-A7F4-4CE31C15C7D7}.Release|x64.Build.0 = Release|Any CPU
		{737597FA-D0AA-4C38-A7F4-4CE31C15C7D7}.Release|x86.ActiveCfg = Release|Any CPU
		{737597FA-D0AA-4C38-A7F4-4CE31C15C7D7}.Release|x86.Build.0 = Release|Any CPU
		{95BDC202-134E-4703-9CBE-A2B4A9687A93}.Debug|Any CPU.ActiveCfg = Debug|Any CPU
		{95BDC202-134E-4703-9CBE-A2B4A9687A93}.Debug|Any CPU.Build.0 = Debug|Any CPU
		{95BDC202-134E-4703-9CBE-A2B4A9687A93}.Debug|ARM.ActiveCfg = Debug|Any CPU
		{95BDC202-134E-4703-9CBE-A2B4A9687A93}.Debug|ARM.Build.0 = Debug|Any CPU
		{95BDC202-134E-4703-9CBE-A2B4A9687A93}.Debug|Mixed Platforms.ActiveCfg = Debug|Any CPU
		{95BDC202-134E-4703-9CBE-A2B4A9687A93}.Debug|Mixed Platforms.Build.0 = Debug|Any CPU
		{95BDC202-134E-4703-9CBE-A2B4A9687A93}.Debug|x64.ActiveCfg = Debug|Any CPU
		{95BDC202-134E-4703-9CBE-A2B4A9687A93}.Debug|x64.Build.0 = Debug|Any CPU
		{95BDC202-134E-4703-9CBE-A2B4A9687A93}.Debug|x86.ActiveCfg = Debug|Any CPU
		{95BDC202-134E-4703-9CBE-A2B4A9687A93}.Debug|x86.Build.0 = Debug|Any CPU
		{95BDC202-134E-4703-9CBE-A2B4A9687A93}.Release|Any CPU.ActiveCfg = Release|Any CPU
		{95BDC202-134E-4703-9CBE-A2B4A9687A93}.Release|Any CPU.Build.0 = Release|Any CPU
		{95BDC202-134E-4703-9CBE-A2B4A9687A93}.Release|ARM.ActiveCfg = Release|Any CPU
		{95BDC202-134E-4703-9CBE-A2B4A9687A93}.Release|ARM.Build.0 = Release|Any CPU
		{95BDC202-134E-4703-9CBE-A2B4A9687A93}.Release|Mixed Platforms.ActiveCfg = Release|Any CPU
		{95BDC202-134E-4703-9CBE-A2B4A9687A93}.Release|Mixed Platforms.Build.0 = Release|Any CPU
		{95BDC202-134E-4703-9CBE-A2B4A9687A93}.Release|x64.ActiveCfg = Release|Any CPU
		{95BDC202-134E-4703-9CBE-A2B4A9687A93}.Release|x64.Build.0 = Release|Any CPU
		{95BDC202-134E-4703-9CBE-A2B4A9687A93}.Release|x86.ActiveCfg = Release|Any CPU
		{95BDC202-134E-4703-9CBE-A2B4A9687A93}.Release|x86.Build.0 = Release|Any CPU
		{7EF7AD81-8CB5-43FA-A0C9-4125E82CB4C8}.Debug|Any CPU.ActiveCfg = Debug|x86
		{7EF7AD81-8CB5-43FA-A0C9-4125E82CB4C8}.Debug|ARM.ActiveCfg = Debug|ARM
		{7EF7AD81-8CB5-43FA-A0C9-4125E82CB4C8}.Debug|ARM.Build.0 = Debug|ARM
		{7EF7AD81-8CB5-43FA-A0C9-4125E82CB4C8}.Debug|ARM.Deploy.0 = Debug|ARM
		{7EF7AD81-8CB5-43FA-A0C9-4125E82CB4C8}.Debug|Mixed Platforms.ActiveCfg = Debug|x86
		{7EF7AD81-8CB5-43FA-A0C9-4125E82CB4C8}.Debug|Mixed Platforms.Build.0 = Debug|x86
		{7EF7AD81-8CB5-43FA-A0C9-4125E82CB4C8}.Debug|Mixed Platforms.Deploy.0 = Debug|x86
		{7EF7AD81-8CB5-43FA-A0C9-4125E82CB4C8}.Debug|x64.ActiveCfg = Debug|x64
		{7EF7AD81-8CB5-43FA-A0C9-4125E82CB4C8}.Debug|x64.Build.0 = Debug|x64
		{7EF7AD81-8CB5-43FA-A0C9-4125E82CB4C8}.Debug|x64.Deploy.0 = Debug|x64
		{7EF7AD81-8CB5-43FA-A0C9-4125E82CB4C8}.Debug|x86.ActiveCfg = Debug|x86
		{7EF7AD81-8CB5-43FA-A0C9-4125E82CB4C8}.Debug|x86.Build.0 = Debug|x86
		{7EF7AD81-8CB5-43FA-A0C9-4125E82CB4C8}.Debug|x86.Deploy.0 = Debug|x86
		{7EF7AD81-8CB5-43FA-A0C9-4125E82CB4C8}.Release|Any CPU.ActiveCfg = Release|x86
		{7EF7AD81-8CB5-43FA-A0C9-4125E82CB4C8}.Release|ARM.ActiveCfg = Release|ARM
		{7EF7AD81-8CB5-43FA-A0C9-4125E82CB4C8}.Release|ARM.Build.0 = Release|ARM
		{7EF7AD81-8CB5-43FA-A0C9-4125E82CB4C8}.Release|ARM.Deploy.0 = Release|ARM
		{7EF7AD81-8CB5-43FA-A0C9-4125E82CB4C8}.Release|Mixed Platforms.ActiveCfg = Release|x86
		{7EF7AD81-8CB5-43FA-A0C9-4125E82CB4C8}.Release|Mixed Platforms.Build.0 = Release|x86
		{7EF7AD81-8CB5-43FA-A0C9-4125E82CB4C8}.Release|Mixed Platforms.Deploy.0 = Release|x86
		{7EF7AD81-8CB5-43FA-A0C9-4125E82CB4C8}.Release|x64.ActiveCfg = Release|x64
		{7EF7AD81-8CB5-43FA-A0C9-4125E82CB4C8}.Release|x64.Build.0 = Release|x64
		{7EF7AD81-8CB5-43FA-A0C9-4125E82CB4C8}.Release|x64.Deploy.0 = Release|x64
		{7EF7AD81-8CB5-43FA-A0C9-4125E82CB4C8}.Release|x86.ActiveCfg = Release|x86
		{7EF7AD81-8CB5-43FA-A0C9-4125E82CB4C8}.Release|x86.Build.0 = Release|x86
		{7EF7AD81-8CB5-43FA-A0C9-4125E82CB4C8}.Release|x86.Deploy.0 = Release|x86
	EndGlobalSection
	GlobalSection(SolutionProperties) = preSolution
		HideSolutionNode = FALSE
	EndGlobalSection
	GlobalSection(ExtensibilityGlobals) = postSolution
		SolutionGuid = {38E489CA-1814-4D53-89D3-8958DCA3A051}
	EndGlobalSection
EndGlobal
